
Microsoft Visual Studio Solution File, Format Version 12.00
# Visual Studio Version 17
VisualStudioVersion = 17.5.33627.172
MinimumVisualStudioVersion = 10.0.40219.1
Project("{9A19103F-16F7-4668-BE54-9A1E7A4F7556}") = "ForumSystemBusiness", "ForumSystem\ForumSystemBusiness.csproj", "{95C8178D-323A-4C49-BB07-37CD4FFC6B4F}"
EndProject
Project("{FAE04EC0-301F-11D3-BF4B-00C04F79EFBC}") = "ForumSystemPersistance", "ForumSystemPersistance\ForumSystemPersistance.csproj", "{E906715F-E89B-4670-ADC9-FF476C41BFE9}"
EndProject
Project("{FAE04EC0-301F-11D3-BF4B-00C04F79EFBC}") = "ForumSystemPresentation", "ForumSystemPresentation\ForumSystemPresentation.csproj", "{38209DD4-09E9-49CC-82B6-F989E6CD621A}"
EndProject
Global
	GlobalSection(SolutionConfigurationPlatforms) = preSolution
		Debug|Any CPU = Debug|Any CPU
		Release|Any CPU = Release|Any CPU
	EndGlobalSection
	GlobalSection(ProjectConfigurationPlatforms) = postSolution
		{95C8178D-323A-4C49-BB07-37CD4FFC6B4F}.Debug|Any CPU.ActiveCfg = Debug|Any CPU
		{95C8178D-323A-4C49-BB07-37CD4FFC6B4F}.Debug|Any CPU.Build.0 = Debug|Any CPU
		{95C8178D-323A-4C49-BB07-37CD4FFC6B4F}.Release|Any CPU.ActiveCfg = Release|Any CPU
		{95C8178D-323A-4C49-BB07-37CD4FFC6B4F}.Release|Any CPU.Build.0 = Release|Any CPU
		{E906715F-E89B-4670-ADC9-FF476C41BFE9}.Debug|Any CPU.ActiveCfg = Debug|Any CPU
		{E906715F-E89B-4670-ADC9-FF476C41BFE9}.Debug|Any CPU.Build.0 = Debug|Any CPU
		{E906715F-E89B-4670-ADC9-FF476C41BFE9}.Release|Any CPU.ActiveCfg = Release|Any CPU
		{E906715F-E89B-4670-ADC9-FF476C41BFE9}.Release|Any CPU.Build.0 = Release|Any CPU
		{38209DD4-09E9-49CC-82B6-F989E6CD621A}.Debug|Any CPU.ActiveCfg = Debug|Any CPU
		{38209DD4-09E9-49CC-82B6-F989E6CD621A}.Debug|Any CPU.Build.0 = Debug|Any CPU
		{38209DD4-09E9-49CC-82B6-F989E6CD621A}.Release|Any CPU.ActiveCfg = Release|Any CPU
		{38209DD4-09E9-49CC-82B6-F989E6CD621A}.Release|Any CPU.Build.0 = Release|Any CPU
	EndGlobalSection
	GlobalSection(SolutionProperties) = preSolution
		HideSolutionNode = FALSE
	EndGlobalSection
	GlobalSection(ExtensibilityGlobals) = postSolution
		SolutionGuid = {9020B6E2-E1A3-43A7-AA7B-4FF097D04D11}
	EndGlobalSection
EndGlobal
